
Microsoft Visual Studio Solution File, Format Version 12.00
# Visual Studio Version 16
VisualStudioVersion = 16.0.29920.165
MinimumVisualStudioVersion = 10.0.40219.1
Project("{FAE04EC0-301F-11D3-BF4B-00C04F79EFBC}") = "ApiPlantaLacteos", "ApiPlantaLacteos\ApiPlantaLacteos.csproj", "{590CCED7-E133-49DE-8763-21139208A434}"
EndProject
Global
	GlobalSection(SolutionConfigurationPlatforms) = preSolution
		Debug|Any CPU = Debug|Any CPU
		Release|Any CPU = Release|Any CPU
	EndGlobalSection
	GlobalSection(ProjectConfigurationPlatforms) = postSolution
		{590CCED7-E133-49DE-8763-21139208A434}.Debug|Any CPU.ActiveCfg = Debug|Any CPU
		{590CCED7-E133-49DE-8763-21139208A434}.Debug|Any CPU.Build.0 = Debug|Any CPU
		{590CCED7-E133-49DE-8763-21139208A434}.Release|Any CPU.ActiveCfg = Release|Any CPU
		{590CCED7-E133-49DE-8763-21139208A434}.Release|Any CPU.Build.0 = Release|Any CPU
	EndGlobalSection
	GlobalSection(SolutionProperties) = preSolution
		HideSolutionNode = FALSE
	EndGlobalSection
	GlobalSection(ExtensibilityGlobals) = postSolution
		SolutionGuid = {117DA608-7638-4BA0-AE04-67824387F8C0}
	EndGlobalSection
EndGlobal
